// !$*UTF8*$!
{
	archiveVersion = 1;
	classes = {
	};
	objectVersion = 46;
	objects = {

/* Begin PBXBuildFile section */
		6F7A302C1A04943800225F49 /* TweetCell.m in Sources */ = {isa = PBXBuildFile; fileRef = 6F7A302A1A04943800225F49 /* TweetCell.m */; };
		6F7A302D1A04943800225F49 /* TweetCell.xib in Resources */ = {isa = PBXBuildFile; fileRef = 6F7A302B1A04943800225F49 /* TweetCell.xib */; };
		6F7A30311A05A10600225F49 /* TweetDetailViewController.m in Sources */ = {isa = PBXBuildFile; fileRef = 6F7A302F1A05A10600225F49 /* TweetDetailViewController.m */; };
		6F7A30321A05A10600225F49 /* TweetDetailViewController.xib in Resources */ = {isa = PBXBuildFile; fileRef = 6F7A30301A05A10600225F49 /* TweetDetailViewController.xib */; };
		6F7A30361A05A2FB00225F49 /* ComposerViewController.m in Sources */ = {isa = PBXBuildFile; fileRef = 6F7A30341A05A2FB00225F49 /* ComposerViewController.m */; };
		6F7A30371A05A2FB00225F49 /* ComposerViewController.xib in Resources */ = {isa = PBXBuildFile; fileRef = 6F7A30351A05A2FB00225F49 /* ComposerViewController.xib */; };
		7F33DB92661556D8D75D4116 /* libPods.a in Frameworks */ = {isa = PBXBuildFile; fileRef = FAA91A1B41688EB22A30F2DE /* libPods.a */; };
		AF5A10E81A0F19C900B46195 /* ProfileViewController.m in Sources */ = {isa = PBXBuildFile; fileRef = AF5A10E61A0F19C900B46195 /* ProfileViewController.m */; };
		AF5A10E91A0F19C900B46195 /* ProfileViewController.xib in Resources */ = {isa = PBXBuildFile; fileRef = AF5A10E71A0F19C900B46195 /* ProfileViewController.xib */; };
		AF5A10ED1A0F25BD00B46195 /* MenuViewController.m in Sources */ = {isa = PBXBuildFile; fileRef = AF5A10EB1A0F25BD00B46195 /* MenuViewController.m */; };
		AF5A10EE1A0F25BD00B46195 /* MenuViewController.xib in Resources */ = {isa = PBXBuildFile; fileRef = AF5A10EC1A0F25BD00B46195 /* MenuViewController.xib */; };
		AF5A10F21A0F2EB300B46195 /* MenuItemCell.m in Sources */ = {isa = PBXBuildFile; fileRef = AF5A10F01A0F2EB300B46195 /* MenuItemCell.m */; };
		AF5A10F31A0F2EB300B46195 /* MenuItemCell.xib in Resources */ = {isa = PBXBuildFile; fileRef = AF5A10F11A0F2EB300B46195 /* MenuItemCell.xib */; };
		AF9160141A10DC93004DEAD6 /* MainViewController.m in Sources */ = {isa = PBXBuildFile; fileRef = AF9160121A10DC93004DEAD6 /* MainViewController.m */; };
		AF9160151A10DC93004DEAD6 /* MainViewController.xib in Resources */ = {isa = PBXBuildFile; fileRef = AF9160131A10DC93004DEAD6 /* MainViewController.xib */; };
		AFE6EDC71A03F949007F8DA1 /* main.m in Sources */ = {isa = PBXBuildFile; fileRef = AFE6EDC61A03F949007F8DA1 /* main.m */; };
		AFE6EDCA1A03F949007F8DA1 /* AppDelegate.m in Sources */ = {isa = PBXBuildFile; fileRef = AFE6EDC91A03F949007F8DA1 /* AppDelegate.m */; };
		AFE6EDD21A03F949007F8DA1 /* Images.xcassets in Resources */ = {isa = PBXBuildFile; fileRef = AFE6EDD11A03F949007F8DA1 /* Images.xcassets */; };
		AFE6EDD51A03F949007F8DA1 /* LaunchScreen.xib in Resources */ = {isa = PBXBuildFile; fileRef = AFE6EDD31A03F949007F8DA1 /* LaunchScreen.xib */; };
		AFE6EDE11A03F949007F8DA1 /* twitterTests.m in Sources */ = {isa = PBXBuildFile; fileRef = AFE6EDE01A03F949007F8DA1 /* twitterTests.m */; };
		AFE6EDED1A03FA0B007F8DA1 /* LoginViewController.m in Sources */ = {isa = PBXBuildFile; fileRef = AFE6EDEB1A03FA0B007F8DA1 /* LoginViewController.m */; };
		AFE6EDEE1A03FA0B007F8DA1 /* LoginViewController.xib in Resources */ = {isa = PBXBuildFile; fileRef = AFE6EDEC1A03FA0B007F8DA1 /* LoginViewController.xib */; };
		AFE6EDF11A03FA87007F8DA1 /* TwitterClient.m in Sources */ = {isa = PBXBuildFile; fileRef = AFE6EDF01A03FA87007F8DA1 /* TwitterClient.m */; };
		AFE6EDF51A0417E4007F8DA1 /* Tweet.m in Sources */ = {isa = PBXBuildFile; fileRef = AFE6EDF41A0417E4007F8DA1 /* Tweet.m */; };
		AFE6EDF81A0417EE007F8DA1 /* User.m in Sources */ = {isa = PBXBuildFile; fileRef = AFE6EDF71A0417EE007F8DA1 /* User.m */; };
		AFE6EDFC1A044641007F8DA1 /* TweetsViewController.m in Sources */ = {isa = PBXBuildFile; fileRef = AFE6EDFA1A044641007F8DA1 /* TweetsViewController.m */; };
		AFE6EDFD1A044641007F8DA1 /* TweetsViewController.xib in Resources */ = {isa = PBXBuildFile; fileRef = AFE6EDFB1A044641007F8DA1 /* TweetsViewController.xib */; };
/* End PBXBuildFile section */

/* Begin PBXContainerItemProxy section */
		AFE6EDDB1A03F949007F8DA1 /* PBXContainerItemProxy */ = {
			isa = PBXContainerItemProxy;
			containerPortal = AFE6EDB91A03F949007F8DA1 /* Project object */;
			proxyType = 1;
			remoteGlobalIDString = AFE6EDC01A03F949007F8DA1;
			remoteInfo = twitter;
		};
/* End PBXContainerItemProxy section */

/* Begin PBXFileReference section */
		6F7A30291A04943800225F49 /* TweetCell.h */ = {isa = PBXFileReference; fileEncoding = 4; lastKnownFileType = sourcecode.c.h; path = TweetCell.h; sourceTree = "<group>"; };
		6F7A302A1A04943800225F49 /* TweetCell.m */ = {isa = PBXFileReference; fileEncoding = 4; lastKnownFileType = sourcecode.c.objc; path = TweetCell.m; sourceTree = "<group>"; };
		6F7A302B1A04943800225F49 /* TweetCell.xib */ = {isa = PBXFileReference; fileEncoding = 4; lastKnownFileType = file.xib; path = TweetCell.xib; sourceTree = "<group>"; };
		6F7A302E1A05A10600225F49 /* TweetDetailViewController.h */ = {isa = PBXFileReference; fileEncoding = 4; lastKnownFileType = sourcecode.c.h; path = TweetDetailViewController.h; sourceTree = "<group>"; };
		6F7A302F1A05A10600225F49 /* TweetDetailViewController.m */ = {isa = PBXFileReference; fileEncoding = 4; lastKnownFileType = sourcecode.c.objc; path = TweetDetailViewController.m; sourceTree = "<group>"; };
		6F7A30301A05A10600225F49 /* TweetDetailViewController.xib */ = {isa = PBXFileReference; fileEncoding = 4; lastKnownFileType = file.xib; path = TweetDetailViewController.xib; sourceTree = "<group>"; };
		6F7A30331A05A2FB00225F49 /* ComposerViewController.h */ = {isa = PBXFileReference; fileEncoding = 4; lastKnownFileType = sourcecode.c.h; path = ComposerViewController.h; sourceTree = "<group>"; };
		6F7A30341A05A2FB00225F49 /* ComposerViewController.m */ = {isa = PBXFileReference; fileEncoding = 4; lastKnownFileType = sourcecode.c.objc; path = ComposerViewController.m; sourceTree = "<group>"; };
		6F7A30351A05A2FB00225F49 /* ComposerViewController.xib */ = {isa = PBXFileReference; fileEncoding = 4; lastKnownFileType = file.xib; path = ComposerViewController.xib; sourceTree = "<group>"; };
		A1E451F42E138C1895A354BD /* Pods.release.xcconfig */ = {isa = PBXFileReference; includeInIndex = 1; lastKnownFileType = text.xcconfig; name = Pods.release.xcconfig; path = "Pods/Target Support Files/Pods/Pods.release.xcconfig"; sourceTree = "<group>"; };
		AF5A10E51A0F19C900B46195 /* ProfileViewController.h */ = {isa = PBXFileReference; fileEncoding = 4; lastKnownFileType = sourcecode.c.h; path = ProfileViewController.h; sourceTree = "<group>"; };
		AF5A10E61A0F19C900B46195 /* ProfileViewController.m */ = {isa = PBXFileReference; fileEncoding = 4; lastKnownFileType = sourcecode.c.objc; path = ProfileViewController.m; sourceTree = "<group>"; };
		AF5A10E71A0F19C900B46195 /* ProfileViewController.xib */ = {isa = PBXFileReference; fileEncoding = 4; lastKnownFileType = file.xib; path = ProfileViewController.xib; sourceTree = "<group>"; };
		AF5A10EA1A0F25BD00B46195 /* MenuViewController.h */ = {isa = PBXFileReference; fileEncoding = 4; lastKnownFileType = sourcecode.c.h; path = MenuViewController.h; sourceTree = "<group>"; };
		AF5A10EB1A0F25BD00B46195 /* MenuViewController.m */ = {isa = PBXFileReference; fileEncoding = 4; lastKnownFileType = sourcecode.c.objc; path = MenuViewController.m; sourceTree = "<group>"; };
		AF5A10EC1A0F25BD00B46195 /* MenuViewController.xib */ = {isa = PBXFileReference; fileEncoding = 4; lastKnownFileType = file.xib; path = MenuViewController.xib; sourceTree = "<group>"; };
		AF5A10EF1A0F2EB300B46195 /* MenuItemCell.h */ = {isa = PBXFileReference; fileEncoding = 4; lastKnownFileType = sourcecode.c.h; path = MenuItemCell.h; sourceTree = "<group>"; };
		AF5A10F01A0F2EB300B46195 /* MenuItemCell.m */ = {isa = PBXFileReference; fileEncoding = 4; lastKnownFileType = sourcecode.c.objc; path = MenuItemCell.m; sourceTree = "<group>"; };
		AF5A10F11A0F2EB300B46195 /* MenuItemCell.xib */ = {isa = PBXFileReference; fileEncoding = 4; lastKnownFileType = file.xib; path = MenuItemCell.xib; sourceTree = "<group>"; };
		AF9160111A10DC93004DEAD6 /* MainViewController.h */ = {isa = PBXFileReference; fileEncoding = 4; lastKnownFileType = sourcecode.c.h; path = MainViewController.h; sourceTree = "<group>"; };
		AF9160121A10DC93004DEAD6 /* MainViewController.m */ = {isa = PBXFileReference; fileEncoding = 4; lastKnownFileType = sourcecode.c.objc; path = MainViewController.m; sourceTree = "<group>"; };
		AF9160131A10DC93004DEAD6 /* MainViewController.xib */ = {isa = PBXFileReference; fileEncoding = 4; lastKnownFileType = file.xib; path = MainViewController.xib; sourceTree = "<group>"; };
		AFE6EDC11A03F949007F8DA1 /* twitter.app */ = {isa = PBXFileReference; explicitFileType = wrapper.application; includeInIndex = 0; path = twitter.app; sourceTree = BUILT_PRODUCTS_DIR; };
		AFE6EDC51A03F949007F8DA1 /* Info.plist */ = {isa = PBXFileReference; lastKnownFileType = text.plist.xml; path = Info.plist; sourceTree = "<group>"; };
		AFE6EDC61A03F949007F8DA1 /* main.m */ = {isa = PBXFileReference; lastKnownFileType = sourcecode.c.objc; path = main.m; sourceTree = "<group>"; };
		AFE6EDC81A03F949007F8DA1 /* AppDelegate.h */ = {isa = PBXFileReference; lastKnownFileType = sourcecode.c.h; path = AppDelegate.h; sourceTree = "<group>"; };
		AFE6EDC91A03F949007F8DA1 /* AppDelegate.m */ = {isa = PBXFileReference; lastKnownFileType = sourcecode.c.objc; path = AppDelegate.m; sourceTree = "<group>"; };
		AFE6EDD11A03F949007F8DA1 /* Images.xcassets */ = {isa = PBXFileReference; lastKnownFileType = folder.assetcatalog; path = Images.xcassets; sourceTree = "<group>"; };
		AFE6EDD41A03F949007F8DA1 /* Base */ = {isa = PBXFileReference; lastKnownFileType = file.xib; name = Base; path = Base.lproj/LaunchScreen.xib; sourceTree = "<group>"; };
		AFE6EDDA1A03F949007F8DA1 /* twitterTests.xctest */ = {isa = PBXFileReference; explicitFileType = wrapper.cfbundle; includeInIndex = 0; path = twitterTests.xctest; sourceTree = BUILT_PRODUCTS_DIR; };
		AFE6EDDF1A03F949007F8DA1 /* Info.plist */ = {isa = PBXFileReference; lastKnownFileType = text.plist.xml; path = Info.plist; sourceTree = "<group>"; };
		AFE6EDE01A03F949007F8DA1 /* twitterTests.m */ = {isa = PBXFileReference; lastKnownFileType = sourcecode.c.objc; path = twitterTests.m; sourceTree = "<group>"; };
		AFE6EDEA1A03FA0B007F8DA1 /* LoginViewController.h */ = {isa = PBXFileReference; fileEncoding = 4; lastKnownFileType = sourcecode.c.h; path = LoginViewController.h; sourceTree = "<group>"; };
		AFE6EDEB1A03FA0B007F8DA1 /* LoginViewController.m */ = {isa = PBXFileReference; fileEncoding = 4; lastKnownFileType = sourcecode.c.objc; path = LoginViewController.m; sourceTree = "<group>"; };
		AFE6EDEC1A03FA0B007F8DA1 /* LoginViewController.xib */ = {isa = PBXFileReference; fileEncoding = 4; lastKnownFileType = file.xib; path = LoginViewController.xib; sourceTree = "<group>"; };
		AFE6EDEF1A03FA87007F8DA1 /* TwitterClient.h */ = {isa = PBXFileReference; fileEncoding = 4; lastKnownFileType = sourcecode.c.h; path = TwitterClient.h; sourceTree = "<group>"; };
		AFE6EDF01A03FA87007F8DA1 /* TwitterClient.m */ = {isa = PBXFileReference; fileEncoding = 4; lastKnownFileType = sourcecode.c.objc; path = TwitterClient.m; sourceTree = "<group>"; };
		AFE6EDF31A0417E4007F8DA1 /* Tweet.h */ = {isa = PBXFileReference; fileEncoding = 4; lastKnownFileType = sourcecode.c.h; path = Tweet.h; sourceTree = "<group>"; };
		AFE6EDF41A0417E4007F8DA1 /* Tweet.m */ = {isa = PBXFileReference; fileEncoding = 4; lastKnownFileType = sourcecode.c.objc; path = Tweet.m; sourceTree = "<group>"; };
		AFE6EDF61A0417EE007F8DA1 /* User.h */ = {isa = PBXFileReference; fileEncoding = 4; lastKnownFileType = sourcecode.c.h; path = User.h; sourceTree = "<group>"; };
		AFE6EDF71A0417EE007F8DA1 /* User.m */ = {isa = PBXFileReference; fileEncoding = 4; lastKnownFileType = sourcecode.c.objc; path = User.m; sourceTree = "<group>"; };
		AFE6EDF91A044641007F8DA1 /* TweetsViewController.h */ = {isa = PBXFileReference; fileEncoding = 4; lastKnownFileType = sourcecode.c.h; path = TweetsViewController.h; sourceTree = "<group>"; };
		AFE6EDFA1A044641007F8DA1 /* TweetsViewController.m */ = {isa = PBXFileReference; fileEncoding = 4; lastKnownFileType = sourcecode.c.objc; path = TweetsViewController.m; sourceTree = "<group>"; };
		AFE6EDFB1A044641007F8DA1 /* TweetsViewController.xib */ = {isa = PBXFileReference; fileEncoding = 4; lastKnownFileType = file.xib; path = TweetsViewController.xib; sourceTree = "<group>"; };
		FAA91A1B41688EB22A30F2DE /* libPods.a */ = {isa = PBXFileReference; explicitFileType = archive.ar; includeInIndex = 0; path = libPods.a; sourceTree = BUILT_PRODUCTS_DIR; };
		FDF96615D8B6DC3196B7AE3F /* Pods.debug.xcconfig */ = {isa = PBXFileReference; includeInIndex = 1; lastKnownFileType = text.xcconfig; name = Pods.debug.xcconfig; path = "Pods/Target Support Files/Pods/Pods.debug.xcconfig"; sourceTree = "<group>"; };
/* End PBXFileReference section */

/* Begin PBXFrameworksBuildPhase section */
		AFE6EDBE1A03F949007F8DA1 /* Frameworks */ = {
			isa = PBXFrameworksBuildPhase;
			buildActionMask = 2147483647;
			files = (
				7F33DB92661556D8D75D4116 /* libPods.a in Frameworks */,
			);
			runOnlyForDeploymentPostprocessing = 0;
		};
		AFE6EDD71A03F949007F8DA1 /* Frameworks */ = {
			isa = PBXFrameworksBuildPhase;
			buildActionMask = 2147483647;
			files = (
			);
			runOnlyForDeploymentPostprocessing = 0;
		};
/* End PBXFrameworksBuildPhase section */

/* Begin PBXGroup section */
		6F7A30281A04942500225F49 /* Views */ = {
			isa = PBXGroup;
			children = (
				6F7A30291A04943800225F49 /* TweetCell.h */,
				6F7A302A1A04943800225F49 /* TweetCell.m */,
				6F7A302B1A04943800225F49 /* TweetCell.xib */,
				AF5A10EF1A0F2EB300B46195 /* MenuItemCell.h */,
				AF5A10F01A0F2EB300B46195 /* MenuItemCell.m */,
				AF5A10F11A0F2EB300B46195 /* MenuItemCell.xib */,
			);
			name = Views;
			sourceTree = "<group>";
		};
		AFE6EDB81A03F949007F8DA1 = {
			isa = PBXGroup;
			children = (
				AFE6EDC31A03F949007F8DA1 /* twitter */,
				AFE6EDDD1A03F949007F8DA1 /* twitterTests */,
				AFE6EDC21A03F949007F8DA1 /* Products */,
				EBA6C753519F9CAEB1B80857 /* Pods */,
				FAE53262777E0ED72D3F3F12 /* Frameworks */,
			);
			sourceTree = "<group>";
		};
		AFE6EDC21A03F949007F8DA1 /* Products */ = {
			isa = PBXGroup;
			children = (
				AFE6EDC11A03F949007F8DA1 /* twitter.app */,
				AFE6EDDA1A03F949007F8DA1 /* twitterTests.xctest */,
			);
			name = Products;
			sourceTree = "<group>";
		};
		AFE6EDC31A03F949007F8DA1 /* twitter */ = {
			isa = PBXGroup;
			children = (
				6F7A30281A04942500225F49 /* Views */,
				AFE6EDFF1A04465A007F8DA1 /* API */,
				AFE6EDFE1A044647007F8DA1 /* View Controllers */,
				AFE6EDF21A0417D3007F8DA1 /* Models */,
				AFE6EDC81A03F949007F8DA1 /* AppDelegate.h */,
				AFE6EDC91A03F949007F8DA1 /* AppDelegate.m */,
				AFE6EDD11A03F949007F8DA1 /* Images.xcassets */,
				AFE6EDD31A03F949007F8DA1 /* LaunchScreen.xib */,
				AFE6EDC41A03F949007F8DA1 /* Supporting Files */,
			);
			path = twitter;
			sourceTree = "<group>";
		};
		AFE6EDC41A03F949007F8DA1 /* Supporting Files */ = {
			isa = PBXGroup;
			children = (
				AFE6EDC51A03F949007F8DA1 /* Info.plist */,
				AFE6EDC61A03F949007F8DA1 /* main.m */,
			);
			name = "Supporting Files";
			sourceTree = "<group>";
		};
		AFE6EDDD1A03F949007F8DA1 /* twitterTests */ = {
			isa = PBXGroup;
			children = (
				AFE6EDE01A03F949007F8DA1 /* twitterTests.m */,
				AFE6EDDE1A03F949007F8DA1 /* Supporting Files */,
			);
			path = twitterTests;
			sourceTree = "<group>";
		};
		AFE6EDDE1A03F949007F8DA1 /* Supporting Files */ = {
			isa = PBXGroup;
			children = (
				AFE6EDDF1A03F949007F8DA1 /* Info.plist */,
			);
			name = "Supporting Files";
			sourceTree = "<group>";
		};
		AFE6EDF21A0417D3007F8DA1 /* Models */ = {
			isa = PBXGroup;
			children = (
				AFE6EDF31A0417E4007F8DA1 /* Tweet.h */,
				AFE6EDF41A0417E4007F8DA1 /* Tweet.m */,
				AFE6EDF61A0417EE007F8DA1 /* User.h */,
				AFE6EDF71A0417EE007F8DA1 /* User.m */,
			);
			name = Models;
			sourceTree = "<group>";
		};
		AFE6EDFE1A044647007F8DA1 /* View Controllers */ = {
			isa = PBXGroup;
			children = (
				AFE6EDEA1A03FA0B007F8DA1 /* LoginViewController.h */,
				AFE6EDEB1A03FA0B007F8DA1 /* LoginViewController.m */,
				AFE6EDEC1A03FA0B007F8DA1 /* LoginViewController.xib */,
				AFE6EDF91A044641007F8DA1 /* TweetsViewController.h */,
				AFE6EDFA1A044641007F8DA1 /* TweetsViewController.m */,
				AFE6EDFB1A044641007F8DA1 /* TweetsViewController.xib */,
				6F7A302E1A05A10600225F49 /* TweetDetailViewController.h */,
				6F7A302F1A05A10600225F49 /* TweetDetailViewController.m */,
				6F7A30301A05A10600225F49 /* TweetDetailViewController.xib */,
				6F7A30331A05A2FB00225F49 /* ComposerViewController.h */,
				6F7A30341A05A2FB00225F49 /* ComposerViewController.m */,
				6F7A30351A05A2FB00225F49 /* ComposerViewController.xib */,
				AF5A10E51A0F19C900B46195 /* ProfileViewController.h */,
				AF5A10E61A0F19C900B46195 /* ProfileViewController.m */,
				AF5A10E71A0F19C900B46195 /* ProfileViewController.xib */,
				AF5A10EA1A0F25BD00B46195 /* MenuViewController.h */,
				AF5A10EB1A0F25BD00B46195 /* MenuViewController.m */,
				AF5A10EC1A0F25BD00B46195 /* MenuViewController.xib */,
				AF9160111A10DC93004DEAD6 /* MainViewController.h */,
				AF9160121A10DC93004DEAD6 /* MainViewController.m */,
				AF9160131A10DC93004DEAD6 /* MainViewController.xib */,
			);
			name = "View Controllers";
			sourceTree = "<group>";
		};
		AFE6EDFF1A04465A007F8DA1 /* API */ = {
			isa = PBXGroup;
			children = (
				AFE6EDEF1A03FA87007F8DA1 /* TwitterClient.h */,
				AFE6EDF01A03FA87007F8DA1 /* TwitterClient.m */,
			);
			name = API;
			sourceTree = "<group>";
		};
		EBA6C753519F9CAEB1B80857 /* Pods */ = {
			isa = PBXGroup;
			children = (
				FDF96615D8B6DC3196B7AE3F /* Pods.debug.xcconfig */,
				A1E451F42E138C1895A354BD /* Pods.release.xcconfig */,
			);
			name = Pods;
			sourceTree = "<group>";
		};
		FAE53262777E0ED72D3F3F12 /* Frameworks */ = {
			isa = PBXGroup;
			children = (
				FAA91A1B41688EB22A30F2DE /* libPods.a */,
			);
			name = Frameworks;
			sourceTree = "<group>";
		};
/* End PBXGroup section */

/* Begin PBXNativeTarget section */
		AFE6EDC01A03F949007F8DA1 /* twitter */ = {
			isa = PBXNativeTarget;
			buildConfigurationList = AFE6EDE41A03F949007F8DA1 /* Build configuration list for PBXNativeTarget "twitter" */;
			buildPhases = (
				02591FC35644FEAB8CB7113F /* Check Pods Manifest.lock */,
				AFE6EDBD1A03F949007F8DA1 /* Sources */,
				AFE6EDBE1A03F949007F8DA1 /* Frameworks */,
				AFE6EDBF1A03F949007F8DA1 /* Resources */,
				B19E16BA980E6179F4646093 /* Copy Pods Resources */,
			);
			buildRules = (
			);
			dependencies = (
			);
			name = twitter;
			productName = twitter;
			productReference = AFE6EDC11A03F949007F8DA1 /* twitter.app */;
			productType = "com.apple.product-type.application";
		};
		AFE6EDD91A03F949007F8DA1 /* twitterTests */ = {
			isa = PBXNativeTarget;
			buildConfigurationList = AFE6EDE71A03F949007F8DA1 /* Build configuration list for PBXNativeTarget "twitterTests" */;
			buildPhases = (
				AFE6EDD61A03F949007F8DA1 /* Sources */,
				AFE6EDD71A03F949007F8DA1 /* Frameworks */,
				AFE6EDD81A03F949007F8DA1 /* Resources */,
			);
			buildRules = (
			);
			dependencies = (
				AFE6EDDC1A03F949007F8DA1 /* PBXTargetDependency */,
			);
			name = twitterTests;
			productName = twitterTests;
			productReference = AFE6EDDA1A03F949007F8DA1 /* twitterTests.xctest */;
			productType = "com.apple.product-type.bundle.unit-test";
		};
/* End PBXNativeTarget section */

/* Begin PBXProject section */
		AFE6EDB91A03F949007F8DA1 /* Project object */ = {
			isa = PBXProject;
			attributes = {
				LastUpgradeCheck = 0610;
				ORGANIZATIONNAME = Facebook;
				TargetAttributes = {
					AFE6EDC01A03F949007F8DA1 = {
						CreatedOnToolsVersion = 6.1;
						DevelopmentTeam = V9WTTPBFK9;
					};
					AFE6EDD91A03F949007F8DA1 = {
						CreatedOnToolsVersion = 6.1;
						TestTargetID = AFE6EDC01A03F949007F8DA1;
					};
				};
			};
			buildConfigurationList = AFE6EDBC1A03F949007F8DA1 /* Build configuration list for PBXProject "twitter" */;
			compatibilityVersion = "Xcode 3.2";
			developmentRegion = English;
			hasScannedForEncodings = 0;
			knownRegions = (
				en,
				Base,
			);
			mainGroup = AFE6EDB81A03F949007F8DA1;
			productRefGroup = AFE6EDC21A03F949007F8DA1 /* Products */;
			projectDirPath = "";
			projectRoot = "";
			targets = (
				AFE6EDC01A03F949007F8DA1 /* twitter */,
				AFE6EDD91A03F949007F8DA1 /* twitterTests */,
			);
		};
/* End PBXProject section */

/* Begin PBXResourcesBuildPhase section */
		AFE6EDBF1A03F949007F8DA1 /* Resources */ = {
			isa = PBXResourcesBuildPhase;
			buildActionMask = 2147483647;
			files = (
				AFE6EDFD1A044641007F8DA1 /* TweetsViewController.xib in Resources */,
				AF5A10F31A0F2EB300B46195 /* MenuItemCell.xib in Resources */,
				6F7A30371A05A2FB00225F49 /* ComposerViewController.xib in Resources */,
				AF5A10E91A0F19C900B46195 /* ProfileViewController.xib in Resources */,
				6F7A30321A05A10600225F49 /* TweetDetailViewController.xib in Resources */,
				AF9160151A10DC93004DEAD6 /* MainViewController.xib in Resources */,
				AF5A10EE1A0F25BD00B46195 /* MenuViewController.xib in Resources */,
				6F7A302D1A04943800225F49 /* TweetCell.xib in Resources */,
				AFE6EDD51A03F949007F8DA1 /* LaunchScreen.xib in Resources */,
				AFE6EDD21A03F949007F8DA1 /* Images.xcassets in Resources */,
				AFE6EDEE1A03FA0B007F8DA1 /* LoginViewController.xib in Resources */,
			);
			runOnlyForDeploymentPostprocessing = 0;
		};
		AFE6EDD81A03F949007F8DA1 /* Resources */ = {
			isa = PBXResourcesBuildPhase;
			buildActionMask = 2147483647;
			files = (
			);
			runOnlyForDeploymentPostprocessing = 0;
		};
/* End PBXResourcesBuildPhase section */

/* Begin PBXShellScriptBuildPhase section */
		02591FC35644FEAB8CB7113F /* Check Pods Manifest.lock */ = {
			isa = PBXShellScriptBuildPhase;
			buildActionMask = 2147483647;
			files = (
			);
			inputPaths = (
			);
			name = "Check Pods Manifest.lock";
			outputPaths = (
			);
			runOnlyForDeploymentPostprocessing = 0;
			shellPath = /bin/sh;
			shellScript = "diff \"${PODS_ROOT}/../Podfile.lock\" \"${PODS_ROOT}/Manifest.lock\" > /dev/null\nif [[ $? != 0 ]] ; then\n    cat << EOM\nerror: The sandbox is not in sync with the Podfile.lock. Run 'pod install' or update your CocoaPods installation.\nEOM\n    exit 1\nfi\n";
			showEnvVarsInLog = 0;
		};
		B19E16BA980E6179F4646093 /* Copy Pods Resources */ = {
			isa = PBXShellScriptBuildPhase;
			buildActionMask = 2147483647;
			files = (
			);
			inputPaths = (
			);
			name = "Copy Pods Resources";
			outputPaths = (
			);
			runOnlyForDeploymentPostprocessing = 0;
			shellPath = /bin/sh;
			shellScript = "\"${SRCROOT}/Pods/Target Support Files/Pods/Pods-resources.sh\"\n";
			showEnvVarsInLog = 0;
		};
/* End PBXShellScriptBuildPhase section */

/* Begin PBXSourcesBuildPhase section */
		AFE6EDBD1A03F949007F8DA1 /* Sources */ = {
			isa = PBXSourcesBuildPhase;
			buildActionMask = 2147483647;
			files = (
				AFE6EDF11A03FA87007F8DA1 /* TwitterClient.m in Sources */,
				AFE6EDCA1A03F949007F8DA1 /* AppDelegate.m in Sources */,
				AF5A10F21A0F2EB300B46195 /* MenuItemCell.m in Sources */,
				AFE6EDF81A0417EE007F8DA1 /* User.m in Sources */,
				AFE6EDF51A0417E4007F8DA1 /* Tweet.m in Sources */,
				AFE6EDC71A03F949007F8DA1 /* main.m in Sources */,
				6F7A30311A05A10600225F49 /* TweetDetailViewController.m in Sources */,
				AFE6EDED1A03FA0B007F8DA1 /* LoginViewController.m in Sources */,
				AF5A10ED1A0F25BD00B46195 /* MenuViewController.m in Sources */,
				AFE6EDFC1A044641007F8DA1 /* TweetsViewController.m in Sources */,
				AF5A10E81A0F19C900B46195 /* ProfileViewController.m in Sources */,
				AF9160141A10DC93004DEAD6 /* MainViewController.m in Sources */,
				6F7A30361A05A2FB00225F49 /* ComposerViewController.m in Sources */,
				6F7A302C1A04943800225F49 /* TweetCell.m in Sources */,
			);
			runOnlyForDeploymentPostprocessing = 0;
		};
		AFE6EDD61A03F949007F8DA1 /* Sources */ = {
			isa = PBXSourcesBuildPhase;
			buildActionMask = 2147483647;
			files = (
				AFE6EDE11A03F949007F8DA1 /* twitterTests.m in Sources */,
			);
			runOnlyForDeploymentPostprocessing = 0;
		};
/* End PBXSourcesBuildPhase section */

/* Begin PBXTargetDependency section */
		AFE6EDDC1A03F949007F8DA1 /* PBXTargetDependency */ = {
			isa = PBXTargetDependency;
			target = AFE6EDC01A03F949007F8DA1 /* twitter */;
			targetProxy = AFE6EDDB1A03F949007F8DA1 /* PBXContainerItemProxy */;
		};
/* End PBXTargetDependency section */

/* Begin PBXVariantGroup section */
		AFE6EDD31A03F949007F8DA1 /* LaunchScreen.xib */ = {
			isa = PBXVariantGroup;
			children = (
				AFE6EDD41A03F949007F8DA1 /* Base */,
			);
			name = LaunchScreen.xib;
			sourceTree = "<group>";
		};
/* End PBXVariantGroup section */

/* Begin XCBuildConfiguration section */
		AFE6EDE21A03F949007F8DA1 /* Debug */ = {
			isa = XCBuildConfiguration;
			buildSettings = {
				ALWAYS_SEARCH_USER_PATHS = NO;
				CLANG_CXX_LANGUAGE_STANDARD = "gnu++0x";
				CLANG_CXX_LIBRARY = "libc++";
				CLANG_ENABLE_MODULES = YES;
				CLANG_ENABLE_OBJC_ARC = YES;
				CLANG_WARN_BOOL_CONVERSION = YES;
				CLANG_WARN_CONSTANT_CONVERSION = YES;
				CLANG_WARN_DIRECT_OBJC_ISA_USAGE = YES_ERROR;
				CLANG_WARN_EMPTY_BODY = YES;
				CLANG_WARN_ENUM_CONVERSION = YES;
				CLANG_WARN_INT_CONVERSION = YES;
				CLANG_WARN_OBJC_ROOT_CLASS = YES_ERROR;
				CLANG_WARN_UNREACHABLE_CODE = YES;
				CLANG_WARN__DUPLICATE_METHOD_MATCH = YES;
				"CODE_SIGN_IDENTITY[sdk=iphoneos*]" = "iPhone Developer";
				COPY_PHASE_STRIP = NO;
				ENABLE_STRICT_OBJC_MSGSEND = YES;
				GCC_C_LANGUAGE_STANDARD = gnu99;
				GCC_DYNAMIC_NO_PIC = NO;
				GCC_OPTIMIZATION_LEVEL = 0;
				GCC_PREPROCESSOR_DEFINITIONS = (
					"DEBUG=1",
					"$(inherited)",
				);
				GCC_SYMBOLS_PRIVATE_EXTERN = NO;
				GCC_WARN_64_TO_32_BIT_CONVERSION = YES;
				GCC_WARN_ABOUT_RETURN_TYPE = YES_ERROR;
				GCC_WARN_UNDECLARED_SELECTOR = YES;
				GCC_WARN_UNINITIALIZED_AUTOS = YES_AGGRESSIVE;
				GCC_WARN_UNUSED_FUNCTION = YES;
				GCC_WARN_UNUSED_VARIABLE = YES;
				IPHONEOS_DEPLOYMENT_TARGET = 8.0;
				MTL_ENABLE_DEBUG_INFO = YES;
				ONLY_ACTIVE_ARCH = YES;
				SDKROOT = iphoneos;
			};
			name = Debug;
		};
		AFE6EDE31A03F949007F8DA1 /* Release */ = {
			isa = XCBuildConfiguration;
			buildSettings = {
				ALWAYS_SEARCH_USER_PATHS = NO;
				CLANG_CXX_LANGUAGE_STANDARD = "gnu++0x";
				CLANG_CXX_LIBRARY = "libc++";
				CLANG_ENABLE_MODULES = YES;
				CLANG_ENABLE_OBJC_ARC = YES;
				CLANG_WARN_BOOL_CONVERSION = YES;
				CLANG_WARN_CONSTANT_CONVERSION = YES;
				CLANG_WARN_DIRECT_OBJC_ISA_USAGE = YES_ERROR;
				CLANG_WARN_EMPTY_BODY = YES;
				CLANG_WARN_ENUM_CONVERSION = YES;
				CLANG_WARN_INT_CONVERSION = YES;
				CLANG_WARN_OBJC_ROOT_CLASS = YES_ERROR;
				CLANG_WARN_UNREACHABLE_CODE = YES;
				CLANG_WARN__DUPLICATE_METHOD_MATCH = YES;
				"CODE_SIGN_IDENTITY[sdk=iphoneos*]" = "iPhone Developer";
				COPY_PHASE_STRIP = YES;
				ENABLE_NS_ASSERTIONS = NO;
				ENABLE_STRICT_OBJC_MSGSEND = YES;
				GCC_C_LANGUAGE_STANDARD = gnu99;
				GCC_WARN_64_TO_32_BIT_CONVERSION = YES;
				GCC_WARN_ABOUT_RETURN_TYPE = YES_ERROR;
				GCC_WARN_UNDECLARED_SELECTOR = YES;
				GCC_WARN_UNINITIALIZED_AUTOS = YES_AGGRESSIVE;
				GCC_WARN_UNUSED_FUNCTION = YES;
				GCC_WARN_UNUSED_VARIABLE = YES;
				IPHONEOS_DEPLOYMENT_TARGET = 8.0;
				MTL_ENABLE_DEBUG_INFO = NO;
				SDKROOT = iphoneos;
				VALIDATE_PRODUCT = YES;
			};
			name = Release;
		};
		AFE6EDE51A03F949007F8DA1 /* Debug */ = {
			isa = XCBuildConfiguration;
			baseConfigurationReference = FDF96615D8B6DC3196B7AE3F /* Pods.debug.xcconfig */;
			buildSettings = {
				ASSETCATALOG_COMPILER_APPICON_NAME = AppIcon;
				INFOPLIST_FILE = twitter/Info.plist;
				LD_RUNPATH_SEARCH_PATHS = "$(inherited) @executable_path/Frameworks";
				PRODUCT_NAME = "$(TARGET_NAME)";
				TARGETED_DEVICE_FAMILY = 1;
			};
			name = Debug;
		};
		AFE6EDE61A03F949007F8DA1 /* Release */ = {
			isa = XCBuildConfiguration;
			baseConfigurationReference = A1E451F42E138C1895A354BD /* Pods.release.xcconfig */;
			buildSettings = {
				ASSETCATALOG_COMPILER_APPICON_NAME = AppIcon;
				INFOPLIST_FILE = twitter/Info.plist;
				LD_RUNPATH_SEARCH_PATHS = "$(inherited) @executable_path/Frameworks";
				PRODUCT_NAME = "$(TARGET_NAME)";
				TARGETED_DEVICE_FAMILY = 1;
			};
			name = Release;
		};
		AFE6EDE81A03F949007F8DA1 /* Debug */ = {
			isa = XCBuildConfiguration;
			buildSettings = {
				BUNDLE_LOADER = "$(TEST_HOST)";
				FRAMEWORK_SEARCH_PATHS = (
					"$(SDKROOT)/Developer/Library/Frameworks",
					"$(inherited)",
				);
				GCC_PREPROCESSOR_DEFINITIONS = (
					"DEBUG=1",
					"$(inherited)",
				);
				INFOPLIST_FILE = twitterTests/Info.plist;
				LD_RUNPATH_SEARCH_PATHS = "$(inherited) @executable_path/Frameworks @loader_path/Frameworks";
				PRODUCT_NAME = "$(TARGET_NAME)";
				TEST_HOST = "$(BUILT_PRODUCTS_DIR)/twitter.app/twitter";
			};
			name = Debug;
		};
		AFE6EDE91A03F949007F8DA1 /* Release */ = {
			isa = XCBuildConfiguration;
			buildSettings = {
				BUNDLE_LOADER = "$(TEST_HOST)";
				FRAMEWORK_SEARCH_PATHS = (
					"$(SDKROOT)/Developer/Library/Frameworks",
					"$(inherited)",
				);
				INFOPLIST_FILE = twitterTests/Info.plist;
				LD_RUNPATH_SEARCH_PATHS = "$(inherited) @executable_path/Frameworks @loader_path/Frameworks";
				PRODUCT_NAME = "$(TARGET_NAME)";
				TEST_HOST = "$(BUILT_PRODUCTS_DIR)/twitter.app/twitter";
			};
			name = Release;
		};
/* End XCBuildConfiguration section */

/* Begin XCConfigurationList section */
		AFE6EDBC1A03F949007F8DA1 /* Build configuration list for PBXProject "twitter" */ = {
			isa = XCConfigurationList;
			buildConfigurations = (
				AFE6EDE21A03F949007F8DA1 /* Debug */,
				AFE6EDE31A03F949007F8DA1 /* Release */,
			);
			defaultConfigurationIsVisible = 0;
			defaultConfigurationName = Release;
		};
		AFE6EDE41A03F949007F8DA1 /* Build configuration list for PBXNativeTarget "twitter" */ = {
			isa = XCConfigurationList;
			buildConfigurations = (
				AFE6EDE51A03F949007F8DA1 /* Debug */,
				AFE6EDE61A03F949007F8DA1 /* Release */,
			);
			defaultConfigurationIsVisible = 0;
			defaultConfigurationName = Release;
		};
		AFE6EDE71A03F949007F8DA1 /* Build configuration list for PBXNativeTarget "twitterTests" */ = {
			isa = XCConfigurationList;
			buildConfigurations = (
				AFE6EDE81A03F949007F8DA1 /* Debug */,
				AFE6EDE91A03F949007F8DA1 /* Release */,
			);
			defaultConfigurationIsVisible = 0;
			defaultConfigurationName = Release;
		};
/* End XCConfigurationList section */
	};
	rootObject = AFE6EDB91A03F949007F8DA1 /* Project object */;
}
